// !$*UTF8*$!
{
	archiveVersion = 1;
	classes = {
	};
	objectVersion = 46;
	objects = {

/* Begin PBXBuildFile section */
		4E0A23621F625F1100623957 /* main.m in Sources */ = {isa = PBXBuildFile; fileRef = 4E0A23611F625F1100623957 /* main.m */; };
		4E0A23651F625F1100623957 /* AppDelegate.m in Sources */ = {isa = PBXBuildFile; fileRef = 4E0A23641F625F1100623957 /* AppDelegate.m */; };
		4E0A23681F625F1100623957 /* ViewController.m in Sources */ = {isa = PBXBuildFile; fileRef = 4E0A23671F625F1100623957 /* ViewController.m */; };
		4E0A236B1F625F1100623957 /* Main.storyboard in Resources */ = {isa = PBXBuildFile; fileRef = 4E0A23691F625F1100623957 /* Main.storyboard */; };
		4E0A236D1F625F1100623957 /* Assets.xcassets in Resources */ = {isa = PBXBuildFile; fileRef = 4E0A236C1F625F1100623957 /* Assets.xcassets */; };
		4E0A23701F625F1100623957 /* LaunchScreen.storyboard in Resources */ = {isa = PBXBuildFile; fileRef = 4E0A236E1F625F1100623957 /* LaunchScreen.storyboard */; };
		4E0A237B1F625F1100623957 /* NBMusiciOSTests.m in Sources */ = {isa = PBXBuildFile; fileRef = 4E0A237A1F625F1100623957 /* NBMusiciOSTests.m */; };
		4E0A23861F625F1200623957 /* NBMusiciOSUITests.m in Sources */ = {isa = PBXBuildFile; fileRef = 4E0A23851F625F1200623957 /* NBMusiciOSUITests.m */; };
/* End PBXBuildFile section */

/* Begin PBXContainerItemProxy section */
		4E0A23771F625F1100623957 /* PBXContainerItemProxy */ = {
			isa = PBXContainerItemProxy;
			containerPortal = 4E0A23551F625F1100623957 /* Project object */;
			proxyType = 1;
			remoteGlobalIDString = 4E0A235C1F625F1100623957;
			remoteInfo = NBMusiciOS;
		};
		4E0A23821F625F1200623957 /* PBXContainerItemProxy */ = {
			isa = PBXContainerItemProxy;
			containerPortal = 4E0A23551F625F1100623957 /* Project object */;
			proxyType = 1;
			remoteGlobalIDString = 4E0A235C1F625F1100623957;
			remoteInfo = NBMusiciOS;
		};
/* End PBXContainerItemProxy section */

/* Begin PBXFileReference section */
		4E0A235D1F625F1100623957 /* NBMusiciOS.app */ = {isa = PBXFileReference; explicitFileType = wrapper.application; includeInIndex = 0; path = NBMusiciOS.app; sourceTree = BUILT_PRODUCTS_DIR; };
		4E0A23611F625F1100623957 /* main.m */ = {isa = PBXFileReference; lastKnownFileType = sourcecode.c.objc; path = main.m; sourceTree = "<group>"; };
		4E0A23631F625F1100623957 /* AppDelegate.h */ = {isa = PBXFileReference; lastKnownFileType = sourcecode.c.h; path = AppDelegate.h; sourceTree = "<group>"; };
		4E0A23641F625F1100623957 /* AppDelegate.m */ = {isa = PBXFileReference; lastKnownFileType = sourcecode.c.objc; path = AppDelegate.m; sourceTree = "<group>"; };
		4E0A23661F625F1100623957 /* ViewController.h */ = {isa = PBXFileReference; lastKnownFileType = sourcecode.c.h; path = ViewController.h; sourceTree = "<group>"; };
		4E0A23671F625F1100623957 /* ViewController.m */ = {isa = PBXFileReference; lastKnownFileType = sourcecode.c.objc; path = ViewController.m; sourceTree = "<group>"; };
		4E0A236A1F625F1100623957 /* Base */ = {isa = PBXFileReference; lastKnownFileType = file.storyboard; name = Base; path = Base.lproj/Main.storyboard; sourceTree = "<group>"; };
		4E0A236C1F625F1100623957 /* Assets.xcassets */ = {isa = PBXFileReference; lastKnownFileType = folder.assetcatalog; path = Assets.xcassets; sourceTree = "<group>"; };
		4E0A236F1F625F1100623957 /* Base */ = {isa = PBXFileReference; lastKnownFileType = file.storyboard; name = Base; path = Base.lproj/LaunchScreen.storyboard; sourceTree = "<group>"; };
		4E0A23711F625F1100623957 /* Info.plist */ = {isa = PBXFileReference; lastKnownFileType = text.plist.xml; path = Info.plist; sourceTree = "<group>"; };
		4E0A23761F625F1100623957 /* NBMusiciOSTests.xctest */ = {isa = PBXFileReference; explicitFileType = wrapper.cfbundle; includeInIndex = 0; path = NBMusiciOSTests.xctest; sourceTree = BUILT_PRODUCTS_DIR; };
		4E0A237A1F625F1100623957 /* NBMusiciOSTests.m */ = {isa = PBXFileReference; lastKnownFileType = sourcecode.c.objc; path = NBMusiciOSTests.m; sourceTree = "<group>"; };
		4E0A237C1F625F1100623957 /* Info.plist */ = {isa = PBXFileReference; lastKnownFileType = text.plist.xml; path = Info.plist; sourceTree = "<group>"; };
		4E0A23811F625F1200623957 /* NBMusiciOSUITests.xctest */ = {isa = PBXFileReference; explicitFileType = wrapper.cfbundle; includeInIndex = 0; path = NBMusiciOSUITests.xctest; sourceTree = BUILT_PRODUCTS_DIR; };
		4E0A23851F625F1200623957 /* NBMusiciOSUITests.m */ = {isa = PBXFileReference; lastKnownFileType = sourcecode.c.objc; path = NBMusiciOSUITests.m; sourceTree = "<group>"; };
		4E0A23871F625F1200623957 /* Info.plist */ = {isa = PBXFileReference; lastKnownFileType = text.plist.xml; path = Info.plist; sourceTree = "<group>"; };
/* End PBXFileReference section */

/* Begin PBXFrameworksBuildPhase section */
		4E0A235A1F625F1100623957 /* Frameworks */ = {
			isa = PBXFrameworksBuildPhase;
			buildActionMask = 2147483647;
			files = (
			);
			runOnlyForDeploymentPostprocessing = 0;
		};
		4E0A23731F625F1100623957 /* Frameworks */ = {
			isa = PBXFrameworksBuildPhase;
			buildActionMask = 2147483647;
			files = (
			);
			runOnlyForDeploymentPostprocessing = 0;
		};
		4E0A237E1F625F1200623957 /* Frameworks */ = {
			isa = PBXFrameworksBuildPhase;
			buildActionMask = 2147483647;
			files = (
			);
			runOnlyForDeploymentPostprocessing = 0;
		};
/* End PBXFrameworksBuildPhase section */

/* Begin PBXGroup section */
		4E0A23541F625F1100623957 = {
			isa = PBXGroup;
			children = (
				4E0A235F1F625F1100623957 /* NBMusiciOS */,
				4E0A23791F625F1100623957 /* NBMusiciOSTests */,
				4E0A23841F625F1200623957 /* NBMusiciOSUITests */,
				4E0A235E1F625F1100623957 /* Products */,
			);
			sourceTree = "<group>";
		};
		4E0A235E1F625F1100623957 /* Products */ = {
			isa = PBXGroup;
			children = (
				4E0A235D1F625F1100623957 /* NBMusiciOS.app */,
				4E0A23761F625F1100623957 /* NBMusiciOSTests.xctest */,
				4E0A23811F625F1200623957 /* NBMusiciOSUITests.xctest */,
			);
			name = Products;
			sourceTree = "<group>";
		};
		4E0A235F1F625F1100623957 /* NBMusiciOS */ = {
			isa = PBXGroup;
			children = (
				4E0A23631F625F1100623957 /* AppDelegate.h */,
				4E0A23641F625F1100623957 /* AppDelegate.m */,
				4E0A23661F625F1100623957 /* ViewController.h */,
				4E0A23671F625F1100623957 /* ViewController.m */,
				4E0A23691F625F1100623957 /* Main.storyboard */,
				4E0A236C1F625F1100623957 /* Assets.xcassets */,
				4E0A236E1F625F1100623957 /* LaunchScreen.storyboard */,
				4E0A23711F625F1100623957 /* Info.plist */,
				4E0A23601F625F1100623957 /* Supporting Files */,
			);
			path = NBMusiciOS;
			sourceTree = "<group>";
		};
		4E0A23601F625F1100623957 /* Supporting Files */ = {
			isa = PBXGroup;
			children = (
				4E0A23611F625F1100623957 /* main.m */,
			);
			name = "Supporting Files";
			sourceTree = "<group>";
		};
		4E0A23791F625F1100623957 /* NBMusiciOSTests */ = {
			isa = PBXGroup;
			children = (
				4E0A237A1F625F1100623957 /* NBMusiciOSTests.m */,
				4E0A237C1F625F1100623957 /* Info.plist */,
			);
			path = NBMusiciOSTests;
			sourceTree = "<group>";
		};
		4E0A23841F625F1200623957 /* NBMusiciOSUITests */ = {
			isa = PBXGroup;
			children = (
				4E0A23851F625F1200623957 /* NBMusiciOSUITests.m */,
				4E0A23871F625F1200623957 /* Info.plist */,
			);
			path = NBMusiciOSUITests;
			sourceTree = "<group>";
		};
/* End PBXGroup section */

/* Begin PBXNativeTarget section */
		4E0A235C1F625F1100623957 /* NBMusiciOS */ = {
			isa = PBXNativeTarget;
			buildConfigurationList = 4E0A238A1F625F1200623957 /* Build configuration list for PBXNativeTarget "NBMusiciOS" */;
			buildPhases = (
				4E0A23591F625F1100623957 /* Sources */,
				4E0A235A1F625F1100623957 /* Frameworks */,
				4E0A235B1F625F1100623957 /* Resources */,
			);
			buildRules = (
			);
			dependencies = (
			);
			name = NBMusiciOS;
			productName = NBMusiciOS;
			productReference = 4E0A235D1F625F1100623957 /* NBMusiciOS.app */;
			productType = "com.apple.product-type.application";
		};
		4E0A23751F625F1100623957 /* NBMusiciOSTests */ = {
			isa = PBXNativeTarget;
			buildConfigurationList = 4E0A238D1F625F1200623957 /* Build configuration list for PBXNativeTarget "NBMusiciOSTests" */;
			buildPhases = (
				4E0A23721F625F1100623957 /* Sources */,
				4E0A23731F625F1100623957 /* Frameworks */,
				4E0A23741F625F1100623957 /* Resources */,
			);
			buildRules = (
			);
			dependencies = (
				4E0A23781F625F1100623957 /* PBXTargetDependency */,
			);
			name = NBMusiciOSTests;
			productName = NBMusiciOSTests;
			productReference = 4E0A23761F625F1100623957 /* NBMusiciOSTests.xctest */;
			productType = "com.apple.product-type.bundle.unit-test";
		};
		4E0A23801F625F1200623957 /* NBMusiciOSUITests */ = {
			isa = PBXNativeTarget;
			buildConfigurationList = 4E0A23901F625F1200623957 /* Build configuration list for PBXNativeTarget "NBMusiciOSUITests" */;
			buildPhases = (
				4E0A237D1F625F1200623957 /* Sources */,
				4E0A237E1F625F1200623957 /* Frameworks */,
				4E0A237F1F625F1200623957 /* Resources */,
			);
			buildRules = (
			);
			dependencies = (
				4E0A23831F625F1200623957 /* PBXTargetDependency */,
			);
			name = NBMusiciOSUITests;
			productName = NBMusiciOSUITests;
			productReference = 4E0A23811F625F1200623957 /* NBMusiciOSUITests.xctest */;
			productType = "com.apple.product-type.bundle.ui-testing";
		};
/* End PBXNativeTarget section */

/* Begin PBXProject section */
		4E0A23551F625F1100623957 /* Project object */ = {
			isa = PBXProject;
			attributes = {
				LastUpgradeCheck = 0800;
				ORGANIZATIONNAME = Ymmmsick;
				TargetAttributes = {
					4E0A235C1F625F1100623957 = {
						CreatedOnToolsVersion = 8.0;
						DevelopmentTeam = 39QV567BQM;
						ProvisioningStyle = Automatic;
					};
					4E0A23751F625F1100623957 = {
						CreatedOnToolsVersion = 8.0;
						DevelopmentTeam = 39QV567BQM;
						ProvisioningStyle = Automatic;
						TestTargetID = 4E0A235C1F625F1100623957;
					};
					4E0A23801F625F1200623957 = {
						CreatedOnToolsVersion = 8.0;
						DevelopmentTeam = 39QV567BQM;
						ProvisioningStyle = Automatic;
						TestTargetID = 4E0A235C1F625F1100623957;
					};
				};
			};
			buildConfigurationList = 4E0A23581F625F1100623957 /* Build configuration list for PBXProject "NBMusiciOS" */;
			compatibilityVersion = "Xcode 3.2";
			developmentRegion = English;
			hasScannedForEncodings = 0;
			knownRegions = (
				en,
				Base,
			);
			mainGroup = 4E0A23541F625F1100623957;
			productRefGroup = 4E0A235E1F625F1100623957 /* Products */;
			projectDirPath = "";
			projectRoot = "";
			targets = (
				4E0A235C1F625F1100623957 /* NBMusiciOS */,
				4E0A23751F625F1100623957 /* NBMusiciOSTests */,
				4E0A23801F625F1200623957 /* NBMusiciOSUITests */,
			);
		};
/* End PBXProject section */

/* Begin PBXResourcesBuildPhase section */
		4E0A235B1F625F1100623957 /* Resources */ = {
			isa = PBXResourcesBuildPhase;
			buildActionMask = 2147483647;
			files = (
				4E0A23701F625F1100623957 /* LaunchScreen.storyboard in Resources */,
				4E0A236D1F625F1100623957 /* Assets.xcassets in Resources */,
				4E0A236B1F625F1100623957 /* Main.storyboard in Resources */,
			);
			runOnlyForDeploymentPostprocessing = 0;
		};
		4E0A23741F625F1100623957 /* Resources */ = {
			isa = PBXResourcesBuildPhase;
			buildActionMask = 2147483647;
			files = (
			);
			runOnlyForDeploymentPostprocessing = 0;
		};
		4E0A237F1F625F1200623957 /* Resources */ = {
			isa = PBXResourcesBuildPhase;
			buildActionMask = 2147483647;
			files = (
			);
			runOnlyForDeploymentPostprocessing = 0;
		};
/* End PBXResourcesBuildPhase section */

/* Begin PBXSourcesBuildPhase section */
		4E0A23591F625F1100623957 /* Sources */ = {
			isa = PBXSourcesBuildPhase;
			buildActionMask = 2147483647;
			files = (
				4E0A23681F625F1100623957 /* ViewController.m in Sources */,
				4E0A23651F625F1100623957 /* AppDelegate.m in Sources */,
				4E0A23621F625F1100623957 /* main.m in Sources */,
			);
			runOnlyForDeploymentPostprocessing = 0;
		};
		4E0A23721F625F1100623957 /* Sources */ = {
			isa = PBXSourcesBuildPhase;
			buildActionMask = 2147483647;
			files = (
				4E0A237B1F625F1100623957 /* NBMusiciOSTests.m in Sources */,
			);
			runOnlyForDeploymentPostprocessing = 0;
		};
		4E0A237D1F625F1200623957 /* Sources */ = {
			isa = PBXSourcesBuildPhase;
			buildActionMask = 2147483647;
			files = (
				4E0A23861F625F1200623957 /* NBMusiciOSUITests.m in Sources */,
			);
			runOnlyForDeploymentPostprocessing = 0;
		};
/* End PBXSourcesBuildPhase section */

/* Begin PBXTargetDependency section */
		4E0A23781F625F1100623957 /* PBXTargetDependency */ = {
			isa = PBXTargetDependency;
			target = 4E0A235C1F625F1100623957 /* NBMusiciOS */;
			targetProxy = 4E0A23771F625F1100623957 /* PBXContainerItemProxy */;
		};
		4E0A23831F625F1200623957 /* PBXTargetDependency */ = {
			isa = PBXTargetDependency;
			target = 4E0A235C1F625F1100623957 /* NBMusiciOS */;
			targetProxy = 4E0A23821F625F1200623957 /* PBXContainerItemProxy */;
		};
/* End PBXTargetDependency section */

/* Begin PBXVariantGroup section */
		4E0A23691F625F1100623957 /* Main.storyboard */ = {
			isa = PBXVariantGroup;
			children = (
				4E0A236A1F625F1100623957 /* Base */,
			);
			name = Main.storyboard;
			sourceTree = "<group>";
		};
		4E0A236E1F625F1100623957 /* LaunchScreen.storyboard */ = {
			isa = PBXVariantGroup;
			children = (
				4E0A236F1F625F1100623957 /* Base */,
			);
			name = LaunchScreen.storyboard;
			sourceTree = "<group>";
		};
/* End PBXVariantGroup section */

/* Begin XCBuildConfiguration section */
		4E0A23881F625F1200623957 /* Debug */ = {
			isa = XCBuildConfiguration;
			buildSettings = {
				ALWAYS_SEARCH_USER_PATHS = NO;
				CLANG_ANALYZER_NONNULL = YES;
				CLANG_CXX_LANGUAGE_STANDARD = "gnu++0x";
				CLANG_CXX_LIBRARY = "libc++";
				CLANG_ENABLE_MODULES = YES;
				CLANG_ENABLE_OBJC_ARC = YES;
				CLANG_WARN_BOOL_CONVERSION = YES;
				CLANG_WARN_CONSTANT_CONVERSION = YES;
				CLANG_WARN_DIRECT_OBJC_ISA_USAGE = YES_ERROR;
				CLANG_WARN_DOCUMENTATION_COMMENTS = YES;
				CLANG_WARN_EMPTY_BODY = YES;
				CLANG_WARN_ENUM_CONVERSION = YES;
				CLANG_WARN_INFINITE_RECURSION = YES;
				CLANG_WARN_INT_CONVERSION = YES;
				CLANG_WARN_OBJC_ROOT_CLASS = YES_ERROR;
				CLANG_WARN_SUSPICIOUS_MOVES = YES;
				CLANG_WARN_UNREACHABLE_CODE = YES;
				CLANG_WARN__DUPLICATE_METHOD_MATCH = YES;
				"CODE_SIGN_IDENTITY[sdk=iphoneos*]" = "iPhone Developer";
				COPY_PHASE_STRIP = NO;
				DEBUG_INFORMATION_FORMAT = dwarf;
				ENABLE_STRICT_OBJC_MSGSEND = YES;
				ENABLE_TESTABILITY = YES;
				GCC_C_LANGUAGE_STANDARD = gnu99;
				GCC_DYNAMIC_NO_PIC = NO;
				GCC_NO_COMMON_BLOCKS = YES;
				GCC_OPTIMIZATION_LEVEL = 0;
				GCC_PREPROCESSOR_DEFINITIONS = (
					"DEBUG=1",
					"$(inherited)",
				);
				GCC_WARN_64_TO_32_BIT_CONVERSION = YES;
				GCC_WARN_ABOUT_RETURN_TYPE = YES_ERROR;
				GCC_WARN_UNDECLARED_SELECTOR = YES;
				GCC_WARN_UNINITIALIZED_AUTOS = YES_AGGRESSIVE;
				GCC_WARN_UNUSED_FUNCTION = YES;
				GCC_WARN_UNUSED_VARIABLE = YES;
				IPHONEOS_DEPLOYMENT_TARGET = 10.2;
				MTL_ENABLE_DEBUG_INFO = YES;
				ONLY_ACTIVE_ARCH = YES;
				SDKROOT = iphoneos;
			};
			name = Debug;
		};
		4E0A23891F625F1200623957 /* Release */ = {
			isa = XCBuildConfiguration;
			buildSettings = {
				ALWAYS_SEARCH_USER_PATHS = NO;
				CLANG_ANALYZER_NONNULL = YES;
				CLANG_CXX_LANGUAGE_STANDARD = "gnu++0x";
				CLANG_CXX_LIBRARY = "libc++";
				CLANG_ENABLE_MODULES = YES;
				CLANG_ENABLE_OBJC_ARC = YES;
				CLANG_WARN_BOOL_CONVERSION = YES;
				CLANG_WARN_CONSTANT_CONVERSION = YES;
				CLANG_WARN_DIRECT_OBJC_ISA_USAGE = YES_ERROR;
				CLANG_WARN_DOCUMENTATION_COMMENTS = YES;
				CLANG_WARN_EMPTY_BODY = YES;
				CLANG_WARN_ENUM_CONVERSION = YES;
				CLANG_WARN_INFINITE_RECURSION = YES;
				CLANG_WARN_INT_CONVERSION = YES;
				CLANG_WARN_OBJC_ROOT_CLASS = YES_ERROR;
				CLANG_WARN_SUSPICIOUS_MOVES = YES;
				CLANG_WARN_UNREACHABLE_CODE = YES;
				CLANG_WARN__DUPLICATE_METHOD_MATCH = YES;
				"CODE_SIGN_IDENTITY[sdk=iphoneos*]" = "iPhone Developer";
				COPY_PHASE_STRIP = NO;
				DEBUG_INFORMATION_FORMAT = "dwarf-with-dsym";
				ENABLE_NS_ASSERTIONS = NO;
				ENABLE_STRICT_OBJC_MSGSEND = YES;
				GCC_C_LANGUAGE_STANDARD = gnu99;
				GCC_NO_COMMON_BLOCKS = YES;
				GCC_WARN_64_TO_32_BIT_CONVERSION = YES;
				GCC_WARN_ABOUT_RETURN_TYPE = YES_ERROR;
				GCC_WARN_UNDECLARED_SELECTOR = YES;
				GCC_WARN_UNINITIALIZED_AUTOS = YES_AGGRESSIVE;
				GCC_WARN_UNUSED_FUNCTION = YES;
				GCC_WARN_UNUSED_VARIABLE = YES;
				IPHONEOS_DEPLOYMENT_TARGET = 10.2;
				MTL_ENABLE_DEBUG_INFO = NO;
				SDKROOT = iphoneos;
				VALIDATE_PRODUCT = YES;
			};
			name = Release;
		};
		4E0A238B1F625F1200623957 /* Debug */ = {
			isa = XCBuildConfiguration;
			buildSettings = {
				ASSETCATALOG_COMPILER_APPICON_NAME = AppIcon;
				DEVELOPMENT_TEAM = 39QV567BQM;
				INFOPLIST_FILE = NBMusiciOS/Info.plist;
				LD_RUNPATH_SEARCH_PATHS = "$(inherited) @executable_path/Frameworks";
				PRODUCT_BUNDLE_IDENTIFIER = com.msr.nbmusic;
				PRODUCT_NAME = "$(TARGET_NAME)";
			};
			name = Debug;
		};
		4E0A238C1F625F1200623957 /* Release */ = {
			isa = XCBuildConfiguration;
			buildSettings = {
				ASSETCATALOG_COMPILER_APPICON_NAME = AppIcon;
				DEVELOPMENT_TEAM = 39QV567BQM;
				INFOPLIST_FILE = NBMusiciOS/Info.plist;
				LD_RUNPATH_SEARCH_PATHS = "$(inherited) @executable_path/Frameworks";
				PRODUCT_BUNDLE_IDENTIFIER = com.msr.nbmusic;
				PRODUCT_NAME = "$(TARGET_NAME)";
			};
			name = Release;
		};
		4E0A238E1F625F1200623957 /* Debug */ = {
			isa = XCBuildConfiguration;
			buildSettings = {
				BUNDLE_LOADER = "$(TEST_HOST)";
				DEVELOPMENT_TEAM = 39QV567BQM;
				INFOPLIST_FILE = NBMusiciOSTests/Info.plist;
				LD_RUNPATH_SEARCH_PATHS = "$(inherited) @executable_path/Frameworks @loader_path/Frameworks";
				PRODUCT_BUNDLE_IDENTIFIER = com.msr.nbmusic.NBMusiciOSTests;
				PRODUCT_NAME = "$(TARGET_NAME)";
				TEST_HOST = "$(BUILT_PRODUCTS_DIR)/NBMusiciOS.app/NBMusiciOS";
			};
			name = Debug;
		};
		4E0A238F1F625F1200623957 /* Release */ = {
			isa = XCBuildConfiguration;
			buildSettings = {
				BUNDLE_LOADER = "$(TEST_HOST)";
				DEVELOPMENT_TEAM = 39QV567BQM;
				INFOPLIST_FILE = NBMusiciOSTests/Info.plist;
				LD_RUNPATH_SEARCH_PATHS = "$(inherited) @executable_path/Frameworks @loader_path/Frameworks";
				PRODUCT_BUNDLE_IDENTIFIER = com.msr.nbmusic.NBMusiciOSTests;
				PRODUCT_NAME = "$(TARGET_NAME)";
				TEST_HOST = "$(BUILT_PRODUCTS_DIR)/NBMusiciOS.app/NBMusiciOS";
			};
			name = Release;
		};
		4E0A23911F625F1200623957 /* Debug */ = {
			isa = XCBuildConfiguration;
			buildSettings = {
				DEVELOPMENT_TEAM = 39QV567BQM;
				INFOPLIST_FILE = NBMusiciOSUITests/Info.plist;
				LD_RUNPATH_SEARCH_PATHS = "$(inherited) @executable_path/Frameworks @loader_path/Frameworks";
				PRODUCT_BUNDLE_IDENTIFIER = com.msr.nbmusic.NBMusiciOSUITests;
				PRODUCT_NAME = "$(TARGET_NAME)";
				TEST_TARGET_NAME = NBMusiciOS;
			};
			name = Debug;
		};
		4E0A23921F625F1200623957 /* Release */ = {
			isa = XCBuildConfiguration;
			buildSettings = {
				DEVELOPMENT_TEAM = 39QV567BQM;
				INFOPLIST_FILE = NBMusiciOSUITests/Info.plist;
				LD_RUNPATH_SEARCH_PATHS = "$(inherited) @executable_path/Frameworks @loader_path/Frameworks";
				PRODUCT_BUNDLE_IDENTIFIER = com.msr.nbmusic.NBMusiciOSUITests;
				PRODUCT_NAME = "$(TARGET_NAME)";
				TEST_TARGET_NAME = NBMusiciOS;
			};
			name = Release;
		};
/* End XCBuildConfiguration section */

/* Begin XCConfigurationList section */
		4E0A23581F625F1100623957 /* Build configuration list for PBXProject "NBMusiciOS" */ = {
			isa = XCConfigurationList;
			buildConfigurations = (
				4E0A23881F625F1200623957 /* Debug */,
				4E0A23891F625F1200623957 /* Release */,
			);
			defaultConfigurationIsVisible = 0;
			defaultConfigurationName = Release;
		};
		4E0A238A1F625F1200623957 /* Build configuration list for PBXNativeTarget "NBMusiciOS" */ = {
			isa = XCConfigurationList;
			buildConfigurations = (
				4E0A238B1F625F1200623957 /* Debug */,
				4E0A238C1F625F1200623957 /* Release */,
			);
			defaultConfigurationIsVisible = 0;
		};
		4E0A238D1F625F1200623957 /* Build configuration list for PBXNativeTarget "NBMusiciOSTests" */ = {
			isa = XCConfigurationList;
			buildConfigurations = (
				4E0A238E1F625F1200623957 /* Debug */,
				4E0A238F1F625F1200623957 /* Release */,
			);
			defaultConfigurationIsVisible = 0;
		};
		4E0A23901F625F1200623957 /* Build configuration list for PBXNativeTarget "NBMusiciOSUITests" */ = {
			isa = XCConfigurationList;
			buildConfigurations = (
				4E0A23911F625F1200623957 /* Debug */,
				4E0A23921F625F1200623957 /* Release */,
			);
			defaultConfigurationIsVisible = 0;
		};
/* End XCConfigurationList section */
	};
	rootObject = 4E0A23551F625F1100623957 /* Project object */;
}
